
Microsoft Visual Studio Solution File, Format Version 12.00
# Visual Studio Version 17
VisualStudioVersion = 17.14.36212.18 d17.14
MinimumVisualStudioVersion = 10.0.40219.1
Project("{FAE04EC0-301F-11D3-BF4B-00C04F79EFBC}") = "MyProject.Tests", "MyProject.Tests\MyProject.Tests.csproj", "{686BD034-1DFD-44ED-BF4E-18FBBD5E5155}"
EndProject
Project("{FAE04EC0-301F-11D3-BF4B-00C04F79EFBC}") = "MyProject", "MyProject\MyProject.csproj", "{81D2DCE6-E677-4C96-8C1B-BF439617A1FF}"
EndProject
Global
	GlobalSection(SolutionConfigurationPlatforms) = preSolution
		Debug|Any CPU = Debug|Any CPU
		Release|Any CPU = Release|Any CPU
	EndGlobalSection
	GlobalSection(ProjectConfigurationPlatforms) = postSolution
		{686BD034-1DFD-44ED-BF4E-18FBBD5E5155}.Debug|Any CPU.ActiveCfg = Debug|Any CPU
		{686BD034-1DFD-44ED-BF4E-18FBBD5E5155}.Debug|Any CPU.Build.0 = Debug|Any CPU
		{686BD034-1DFD-44ED-BF4E-18FBBD5E5155}.Release|Any CPU.ActiveCfg = Release|Any CPU
		{686BD034-1DFD-44ED-BF4E-18FBBD5E5155}.Release|Any CPU.Build.0 = Release|Any CPU
		{81D2DCE6-E677-4C96-8C1B-BF439617A1FF}.Debug|Any CPU.ActiveCfg = Debug|Any CPU
		{81D2DCE6-E677-4C96-8C1B-BF439617A1FF}.Debug|Any CPU.Build.0 = Debug|Any CPU
		{81D2DCE6-E677-4C96-8C1B-BF439617A1FF}.Release|Any CPU.ActiveCfg = Release|Any CPU
		{81D2DCE6-E677-4C96-8C1B-BF439617A1FF}.Release|Any CPU.Build.0 = Release|Any CPU
	EndGlobalSection
	GlobalSection(SolutionProperties) = preSolution
		HideSolutionNode = FALSE
	EndGlobalSection
	GlobalSection(ExtensibilityGlobals) = postSolution
		SolutionGuid = {7374C20A-A012-460D-B900-6761C0B19269}
	EndGlobalSection
EndGlobal
